# Exact opam package versions used by the native build; compiler is external.
conf-gmp.5
conf-pkg-config.5
dune.3.24.2
ocamlbuild.0.16.1
ocamlfind.1.9.9~preview
topkg.1.1.1
uucp.16.0.0
uunf.16.0.0
uuseg.16.0.0
uutf.1.0.4
yojson.3.0.0
zarith.1.14

# Native default-culture prefix checks use ICU 74.2, matching the frozen
# Linux .NET oracle. The Noble development image installs libicu-dev.
